
Microsoft Visual Studio Solution File, Format Version 12.00
# Visual Studio 2013
VisualStudioVersion = 12.0.31101.0
MinimumVisualStudioVersion = 10.0.40219.1
Project("{FAE04EC0-301F-11D3-BF4B-00C04F79EFBC}") = "IssueManagerAPI", "IssueManagerAPI\IssueManagerAPI.csproj", "{6C441480-1B8C-43AD-B74F-52E5D9A9A132}"
EndProject
Project("{FAE04EC0-301F-11D3-BF4B-00C04F79EFBC}") = "Authentication", "Authentication\Authentication.csproj", "{0E503558-9494-42B8-BDDF-E0248905FFD2}"
EndProject
Project("{FAE04EC0-301F-11D3-BF4B-00C04F79EFBC}") = "MembershipProviderAuthentication", "MembershipProviderAuthentication\MembershipProviderAuthentication.csproj", "{A06E292E-B748-466E-B689-121FAB5FC797}"
EndProject
Project("{2150E333-8FDC-42A3-9474-1A3956D46DE8}") = "Security", "Security", "{0D91F9FD-21B6-4FCC-8CF2-7F96210FBA60}"
EndProject
Project("{FAE04EC0-301F-11D3-BF4B-00C04F79EFBC}") = "ApiTester", "ApiTester\ApiTester.csproj", "{47DA344E-7AD1-49F8-BC81-B0BABDB15496}"
EndProject
Project("{FAE04EC0-301F-11D3-BF4B-00C04F79EFBC}") = "IssueManagerApiClient", "IssueManagerApiClient\IssueManagerApiClient.csproj", "{E910BEBA-0887-42E2-9147-E276E52CC847}"
EndProject
Project("{FAE04EC0-301F-11D3-BF4B-00C04F79EFBC}") = "Database", "Database\Database.csproj", "{11119FE2-8797-4C02-997D-0D7B27DA487B}"
EndProject
Project("{2150E333-8FDC-42A3-9474-1A3956D46DE8}") = "Datalayer", "Datalayer", "{6E8D8382-5735-4490-B1CE-4F2C4B97CD95}"
EndProject
Project("{FAE04EC0-301F-11D3-BF4B-00C04F79EFBC}") = "DataAccess", "DataAccess\DataAccess.csproj", "{B1B46C8A-016D-47D4-AB0B-C8C975562A8D}"
EndProject
Project("{FAE04EC0-301F-11D3-BF4B-00C04F79EFBC}") = "DataTypes", "DataTypes\DataTypes.csproj", "{A164BFF2-DD9A-494A-B1BE-0E221C6EAAA7}"
EndProject
Project("{2150E333-8FDC-42A3-9474-1A3956D46DE8}") = "DomainLayer", "DomainLayer", "{647F618A-29DC-41CB-ADC5-4FDBB8E75091}"
EndProject
Project("{FAE04EC0-301F-11D3-BF4B-00C04F79EFBC}") = "Domain", "Domain\Domain.csproj", "{4569E441-CE49-47B6-8923-A3A2E57F5461}"
EndProject
Project("{2150E333-8FDC-42A3-9474-1A3956D46DE8}") = "PresentationLayer", "PresentationLayer", "{61F13365-3C5F-4E2F-B92D-D7B942A5455E}"
EndProject
Project("{2150E333-8FDC-42A3-9474-1A3956D46DE8}") = "Client", "Client", "{EFF79B57-80CF-4DDD-81B2-704CEEC99C1A}"
EndProject
Project("{FAE04EC0-301F-11D3-BF4B-00C04F79EFBC}") = "ViewModels", "ViewModels\ViewModels.csproj", "{253D1EAA-0028-43F3-A78D-D6657B614DFA}"
EndProject
Project("{2150E333-8FDC-42A3-9474-1A3956D46DE8}") = ".nuget", ".nuget", "{AE0B6F18-A4D4-4D79-B4F4-FE84F98B8DE0}"
	ProjectSection(SolutionItems) = preProject
		.nuget\NuGet.Config = .nuget\NuGet.Config
		.nuget\NuGet.exe = .nuget\NuGet.exe
		.nuget\NuGet.targets = .nuget\NuGet.targets
	EndProjectSection
EndProject
Global
	GlobalSection(SolutionConfigurationPlatforms) = preSolution
		Debug|Any CPU = Debug|Any CPU
		Release|Any CPU = Release|Any CPU
	EndGlobalSection
	GlobalSection(ProjectConfigurationPlatforms) = postSolution
		{6C441480-1B8C-43AD-B74F-52E5D9A9A132}.Debug|Any CPU.ActiveCfg = Debug|Any CPU
		{6C441480-1B8C-43AD-B74F-52E5D9A9A132}.Debug|Any CPU.Build.0 = Debug|Any CPU
		{6C441480-1B8C-43AD-B74F-52E5D9A9A132}.Release|Any CPU.ActiveCfg = Release|Any CPU
		{6C441480-1B8C-43AD-B74F-52E5D9A9A132}.Release|Any CPU.Build.0 = Release|Any CPU
		{0E503558-9494-42B8-BDDF-E0248905FFD2}.Debug|Any CPU.ActiveCfg = Debug|Any CPU
		{0E503558-9494-42B8-BDDF-E0248905FFD2}.Debug|Any CPU.Build.0 = Debug|Any CPU
		{0E503558-9494-42B8-BDDF-E0248905FFD2}.Release|Any CPU.ActiveCfg = Release|Any CPU
		{0E503558-9494-42B8-BDDF-E0248905FFD2}.Release|Any CPU.Build.0 = Release|Any CPU
		{A06E292E-B748-466E-B689-121FAB5FC797}.Debug|Any CPU.ActiveCfg = Debug|Any CPU
		{A06E292E-B748-466E-B689-121FAB5FC797}.Debug|Any CPU.Build.0 = Debug|Any CPU
		{A06E292E-B748-466E-B689-121FAB5FC797}.Release|Any CPU.ActiveCfg = Release|Any CPU
		{A06E292E-B748-466E-B689-121FAB5FC797}.Release|Any CPU.Build.0 = Release|Any CPU
		{47DA344E-7AD1-49F8-BC81-B0BABDB15496}.Debug|Any CPU.ActiveCfg = Debug|Any CPU
		{47DA344E-7AD1-49F8-BC81-B0BABDB15496}.Debug|Any CPU.Build.0 = Debug|Any CPU
		{47DA344E-7AD1-49F8-BC81-B0BABDB15496}.Release|Any CPU.ActiveCfg = Release|Any CPU
		{47DA344E-7AD1-49F8-BC81-B0BABDB15496}.Release|Any CPU.Build.0 = Release|Any CPU
		{E910BEBA-0887-42E2-9147-E276E52CC847}.Debug|Any CPU.ActiveCfg = Debug|Any CPU
		{E910BEBA-0887-42E2-9147-E276E52CC847}.Debug|Any CPU.Build.0 = Debug|Any CPU
		{E910BEBA-0887-42E2-9147-E276E52CC847}.Release|Any CPU.ActiveCfg = Release|Any CPU
		{E910BEBA-0887-42E2-9147-E276E52CC847}.Release|Any CPU.Build.0 = Release|Any CPU
		{11119FE2-8797-4C02-997D-0D7B27DA487B}.Debug|Any CPU.ActiveCfg = Debug|Any CPU
		{11119FE2-8797-4C02-997D-0D7B27DA487B}.Debug|Any CPU.Build.0 = Debug|Any CPU
		{11119FE2-8797-4C02-997D-0D7B27DA487B}.Release|Any CPU.ActiveCfg = Release|Any CPU
		{11119FE2-8797-4C02-997D-0D7B27DA487B}.Release|Any CPU.Build.0 = Release|Any CPU
		{B1B46C8A-016D-47D4-AB0B-C8C975562A8D}.Debug|Any CPU.ActiveCfg = Debug|Any CPU
		{B1B46C8A-016D-47D4-AB0B-C8C975562A8D}.Debug|Any CPU.Build.0 = Debug|Any CPU
		{B1B46C8A-016D-47D4-AB0B-C8C975562A8D}.Release|Any CPU.ActiveCfg = Release|Any CPU
		{B1B46C8A-016D-47D4-AB0B-C8C975562A8D}.Release|Any CPU.Build.0 = Release|Any CPU
		{A164BFF2-DD9A-494A-B1BE-0E221C6EAAA7}.Debug|Any CPU.ActiveCfg = Debug|Any CPU
		{A164BFF2-DD9A-494A-B1BE-0E221C6EAAA7}.Debug|Any CPU.Build.0 = Debug|Any CPU
		{A164BFF2-DD9A-494A-B1BE-0E221C6EAAA7}.Release|Any CPU.ActiveCfg = Release|Any CPU
		{A164BFF2-DD9A-494A-B1BE-0E221C6EAAA7}.Release|Any CPU.Build.0 = Release|Any CPU
		{4569E441-CE49-47B6-8923-A3A2E57F5461}.Debug|Any CPU.ActiveCfg = Debug|Any CPU
		{4569E441-CE49-47B6-8923-A3A2E57F5461}.Debug|Any CPU.Build.0 = Debug|Any CPU
		{4569E441-CE49-47B6-8923-A3A2E57F5461}.Release|Any CPU.ActiveCfg = Release|Any CPU
		{4569E441-CE49-47B6-8923-A3A2E57F5461}.Release|Any CPU.Build.0 = Release|Any CPU
		{253D1EAA-0028-43F3-A78D-D6657B614DFA}.Debug|Any CPU.ActiveCfg = Debug|Any CPU
		{253D1EAA-0028-43F3-A78D-D6657B614DFA}.Debug|Any CPU.Build.0 = Debug|Any CPU
		{253D1EAA-0028-43F3-A78D-D6657B614DFA}.Release|Any CPU.ActiveCfg = Release|Any CPU
		{253D1EAA-0028-43F3-A78D-D6657B614DFA}.Release|Any CPU.Build.0 = Release|Any CPU
	EndGlobalSection
	GlobalSection(SolutionProperties) = preSolution
		HideSolutionNode = FALSE
	EndGlobalSection
	GlobalSection(NestedProjects) = preSolution
		{6C441480-1B8C-43AD-B74F-52E5D9A9A132} = {61F13365-3C5F-4E2F-B92D-D7B942A5455E}
		{0E503558-9494-42B8-BDDF-E0248905FFD2} = {0D91F9FD-21B6-4FCC-8CF2-7F96210FBA60}
		{A06E292E-B748-466E-B689-121FAB5FC797} = {0D91F9FD-21B6-4FCC-8CF2-7F96210FBA60}
		{47DA344E-7AD1-49F8-BC81-B0BABDB15496} = {EFF79B57-80CF-4DDD-81B2-704CEEC99C1A}
		{E910BEBA-0887-42E2-9147-E276E52CC847} = {EFF79B57-80CF-4DDD-81B2-704CEEC99C1A}
		{11119FE2-8797-4C02-997D-0D7B27DA487B} = {6E8D8382-5735-4490-B1CE-4F2C4B97CD95}
		{B1B46C8A-016D-47D4-AB0B-C8C975562A8D} = {6E8D8382-5735-4490-B1CE-4F2C4B97CD95}
		{A164BFF2-DD9A-494A-B1BE-0E221C6EAAA7} = {6E8D8382-5735-4490-B1CE-4F2C4B97CD95}
		{4569E441-CE49-47B6-8923-A3A2E57F5461} = {647F618A-29DC-41CB-ADC5-4FDBB8E75091}
		{253D1EAA-0028-43F3-A78D-D6657B614DFA} = {61F13365-3C5F-4E2F-B92D-D7B942A5455E}
	EndGlobalSection
EndGlobal
